
Microsoft Visual Studio Solution File, Format Version 12.00
# Visual Studio 14
VisualStudioVersion = 14.0.25123.0
MinimumVisualStudioVersion = 10.0.40219.1
Project("{8BC9CEB8-8B4A-11D0-8D11-00A0C91BC942}") = "DirectInsert", "DirectInsert\DirectInsert.vcxproj", "{5040405C-BFF6-497E-89B1-76028CDDF42F}"
EndProject
Project("{8BC9CEB8-8B4A-11D0-8D11-00A0C91BC942}") = "ShellInsert", "ShellInsert\ShellInsert.vcxproj", "{20CB0AB9-2CC9-4649-B980-695A3D8A6819}"
EndProject
Project("{8BC9CEB8-8B4A-11D0-8D11-00A0C91BC942}") = "zz", "quan\quan.vcxproj", "{AACA68ED-B78A-4635-AA20-E4194685FBAB}"
EndProject
Project("{8BC9CEB8-8B4A-11D0-8D11-00A0C91BC942}") = "zz2", "zz2\zz2.vcxproj", "{5D5AA185-0928-4DE6-B980-E7F35689E51C}"
EndProject
Project("{8BC9CEB8-8B4A-11D0-8D11-00A0C91BC942}") = "MyInsert", "MyInsert\MyInsert.vcxproj", "{59299BEE-95FF-42A8-AE09-57105769E356}"
EndProject
Project("{8BC9CEB8-8B4A-11D0-8D11-00A0C91BC942}") = "SelectSimple", "SelectSimple\SelectSimple.vcxproj", "{00D3AC51-2F3D-41FE-8DA2-0401D648F3C1}"
EndProject
Project("{8BC9CEB8-8B4A-11D0-8D11-00A0C91BC942}") = "zz3", "zz3\zz3.vcxproj", "{BB4EBEC2-5CDB-40F6-AB9E-6D74B025D23F}"
EndProject
Project("{8BC9CEB8-8B4A-11D0-8D11-00A0C91BC942}") = "SelectHeap", "SelectHeap\SelectHeap.vcxproj", "{0B95EBBB-B04B-4996-97D3-E9955919FD52}"
EndProject
Project("{8BC9CEB8-8B4A-11D0-8D11-00A0C91BC942}") = "zz4", "zz4\zz4.vcxproj", "{22FC3EF5-917E-46B4-BB6C-1A62FB36E9C0}"
EndProject
Project("{8BC9CEB8-8B4A-11D0-8D11-00A0C91BC942}") = "SwapBubble", "SwapBubble\SwapBubble.vcxproj", "{DF383C39-FC82-4EFA-BEC4-EAC1D81215DF}"
EndProject
Project("{8BC9CEB8-8B4A-11D0-8D11-00A0C91BC942}") = "SwapQuick", "SwapQuick\SwapQuick.vcxproj", "{19589F8C-4A80-4EA3-B802-B74B21DCF30B}"
EndProject
Project("{8BC9CEB8-8B4A-11D0-8D11-00A0C91BC942}") = "zz5", "zz5\zz5.vcxproj", "{A28C6C0A-651E-4619-9177-87948FA87AC3}"
EndProject
Project("{8BC9CEB8-8B4A-11D0-8D11-00A0C91BC942}") = "zz6", "zz6\zz6.vcxproj", "{A4F6DDA5-FDAE-481D-9931-E3E2685F2268}"
EndProject
Project("{8BC9CEB8-8B4A-11D0-8D11-00A0C91BC942}") = "MergeSort", "MergeSort\MergeSort.vcxproj", "{7CB0EC2B-BABA-41D7-BFA6-7CCC352930D5}"
EndProject
Project("{8BC9CEB8-8B4A-11D0-8D11-00A0C91BC942}") = "TT_new", "TT_new\TT_new.vcxproj", "{44E15CB0-342B-43BF-BEA5-BDD499A4F57F}"
EndProject
Project("{8BC9CEB8-8B4A-11D0-8D11-00A0C91BC942}") = "DS_ShunXuTable", "DS_ShunXuTable\DS_ShunXuTable.vcxproj", "{56A02CAA-F497-4DB0-9A9F-94C342FB5DA7}"
EndProject
Global
	GlobalSection(SolutionConfigurationPlatforms) = preSolution
		Debug|x64 = Debug|x64
		Debug|x86 = Debug|x86
		Release|x64 = Release|x64
		Release|x86 = Release|x86
	EndGlobalSection
	GlobalSection(ProjectConfigurationPlatforms) = postSolution
		{5040405C-BFF6-497E-89B1-76028CDDF42F}.Debug|x64.ActiveCfg = Debug|x64
		{5040405C-BFF6-497E-89B1-76028CDDF42F}.Debug|x64.Build.0 = Debug|x64
		{5040405C-BFF6-497E-89B1-76028CDDF42F}.Debug|x86.ActiveCfg = Debug|Win32
		{5040405C-BFF6-497E-89B1-76028CDDF42F}.Debug|x86.Build.0 = Debug|Win32
		{5040405C-BFF6-497E-89B1-76028CDDF42F}.Release|x64.ActiveCfg = Release|x64
		{5040405C-BFF6-497E-89B1-76028CDDF42F}.Release|x64.Build.0 = Release|x64
		{5040405C-BFF6-497E-89B1-76028CDDF42F}.Release|x86.ActiveCfg = Release|Win32
		{5040405C-BFF6-497E-89B1-76028CDDF42F}.Release|x86.Build.0 = Release|Win32
		{20CB0AB9-2CC9-4649-B980-695A3D8A6819}.Debug|x64.ActiveCfg = Debug|x64
		{20CB0AB9-2CC9-4649-B980-695A3D8A6819}.Debug|x64.Build.0 = Debug|x64
		{20CB0AB9-2CC9-4649-B980-695A3D8A6819}.Debug|x86.ActiveCfg = Debug|Win32
		{20CB0AB9-2CC9-4649-B980-695A3D8A6819}.Debug|x86.Build.0 = Debug|Win32
		{20CB0AB9-2CC9-4649-B980-695A3D8A6819}.Release|x64.ActiveCfg = Release|x64
		{20CB0AB9-2CC9-4649-B980-695A3D8A6819}.Release|x64.Build.0 = Release|x64
		{20CB0AB9-2CC9-4649-B980-695A3D8A6819}.Release|x86.ActiveCfg = Release|Win32
		{20CB0AB9-2CC9-4649-B980-695A3D8A6819}.Release|x86.Build.0 = Release|Win32
		{AACA68ED-B78A-4635-AA20-E4194685FBAB}.Debug|x64.ActiveCfg = Debug|x64
		{AACA68ED-B78A-4635-AA20-E4194685FBAB}.Debug|x64.Build.0 = Debug|x64
		{AACA68ED-B78A-4635-AA20-E4194685FBAB}.Debug|x86.ActiveCfg = Debug|Win32
		{AACA68ED-B78A-4635-AA20-E4194685FBAB}.Debug|x86.Build.0 = Debug|Win32
		{AACA68ED-B78A-4635-AA20-E4194685FBAB}.Release|x64.ActiveCfg = Release|x64
		{AACA68ED-B78A-4635-AA20-E4194685FBAB}.Release|x64.Build.0 = Release|x64
		{AACA68ED-B78A-4635-AA20-E4194685FBAB}.Release|x86.ActiveCfg = Release|Win32
		{AACA68ED-B78A-4635-AA20-E4194685FBAB}.Release|x86.Build.0 = Release|Win32
		{5D5AA185-0928-4DE6-B980-E7F35689E51C}.Debug|x64.ActiveCfg = Debug|x64
		{5D5AA185-0928-4DE6-B980-E7F35689E51C}.Debug|x64.Build.0 = Debug|x64
		{5D5AA185-0928-4DE6-B980-E7F35689E51C}.Debug|x86.ActiveCfg = Debug|Win32
		{5D5AA185-0928-4DE6-B980-E7F35689E51C}.Debug|x86.Build.0 = Debug|Win32
		{5D5AA185-0928-4DE6-B980-E7F35689E51C}.Release|x64.ActiveCfg = Release|x64
		{5D5AA185-0928-4DE6-B980-E7F35689E51C}.Release|x64.Build.0 = Release|x64
		{5D5AA185-0928-4DE6-B980-E7F35689E51C}.Release|x86.ActiveCfg = Release|Win32
		{5D5AA185-0928-4DE6-B980-E7F35689E51C}.Release|x86.Build.0 = Release|Win32
		{59299BEE-95FF-42A8-AE09-57105769E356}.Debug|x64.ActiveCfg = Debug|x64
		{59299BEE-95FF-42A8-AE09-57105769E356}.Debug|x64.Build.0 = Debug|x64
		{59299BEE-95FF-42A8-AE09-57105769E356}.Debug|x86.ActiveCfg = Debug|Win32
		{59299BEE-95FF-42A8-AE09-57105769E356}.Debug|x86.Build.0 = Debug|Win32
		{59299BEE-95FF-42A8-AE09-57105769E356}.Release|x64.ActiveCfg = Release|x64
		{59299BEE-95FF-42A8-AE09-57105769E356}.Release|x64.Build.0 = Release|x64
		{59299BEE-95FF-42A8-AE09-57105769E356}.Release|x86.ActiveCfg = Release|Win32
		{59299BEE-95FF-42A8-AE09-57105769E356}.Release|x86.Build.0 = Release|Win32
		{00D3AC51-2F3D-41FE-8DA2-0401D648F3C1}.Debug|x64.ActiveCfg = Debug|x64
		{00D3AC51-2F3D-41FE-8DA2-0401D648F3C1}.Debug|x64.Build.0 = Debug|x64
		{00D3AC51-2F3D-41FE-8DA2-0401D648F3C1}.Debug|x86.ActiveCfg = Debug|Win32
		{00D3AC51-2F3D-41FE-8DA2-0401D648F3C1}.Debug|x86.Build.0 = Debug|Win32
		{00D3AC51-2F3D-41FE-8DA2-0401D648F3C1}.Release|x64.ActiveCfg = Release|x64
		{00D3AC51-2F3D-41FE-8DA2-0401D648F3C1}.Release|x64.Build.0 = Release|x64
		{00D3AC51-2F3D-41FE-8DA2-0401D648F3C1}.Release|x86.ActiveCfg = Release|Win32
		{00D3AC51-2F3D-41FE-8DA2-0401D648F3C1}.Release|x86.Build.0 = Release|Win32
		{BB4EBEC2-5CDB-40F6-AB9E-6D74B025D23F}.Debug|x64.ActiveCfg = Debug|x64
		{BB4EBEC2-5CDB-40F6-AB9E-6D74B025D23F}.Debug|x64.Build.0 = Debug|x64
		{BB4EBEC2-5CDB-40F6-AB9E-6D74B025D23F}.Debug|x86.ActiveCfg = Debug|Win32
		{BB4EBEC2-5CDB-40F6-AB9E-6D74B025D23F}.Debug|x86.Build.0 = Debug|Win32
		{BB4EBEC2-5CDB-40F6-AB9E-6D74B025D23F}.Release|x64.ActiveCfg = Release|x64
		{BB4EBEC2-5CDB-40F6-AB9E-6D74B025D23F}.Release|x64.Build.0 = Release|x64
		{BB4EBEC2-5CDB-40F6-AB9E-6D74B025D23F}.Release|x86.ActiveCfg = Release|Win32
		{BB4EBEC2-5CDB-40F6-AB9E-6D74B025D23F}.Release|x86.Build.0 = Release|Win32
		{0B95EBBB-B04B-4996-97D3-E9955919FD52}.Debug|x64.ActiveCfg = Debug|x64
		{0B95EBBB-B04B-4996-97D3-E9955919FD52}.Debug|x64.Build.0 = Debug|x64
		{0B95EBBB-B04B-4996-97D3-E9955919FD52}.Debug|x86.ActiveCfg = Debug|Win32
		{0B95EBBB-B04B-4996-97D3-E9955919FD52}.Debug|x86.Build.0 = Debug|Win32
		{0B95EBBB-B04B-4996-97D3-E9955919FD52}.Release|x64.ActiveCfg = Release|x64
		{0B95EBBB-B04B-4996-97D3-E9955919FD52}.Release|x64.Build.0 = Release|x64
		{0B95EBBB-B04B-4996-97D3-E9955919FD52}.Release|x86.ActiveCfg = Release|Win32
		{0B95EBBB-B04B-4996-97D3-E9955919FD52}.Release|x86.Build.0 = Release|Win32
		{22FC3EF5-917E-46B4-BB6C-1A62FB36E9C0}.Debug|x64.ActiveCfg = Debug|x64
		{22FC3EF5-917E-46B4-BB6C-1A62FB36E9C0}.Debug|x64.Build.0 = Debug|x64
		{22FC3EF5-917E-46B4-BB6C-1A62FB36E9C0}.Debug|x86.ActiveCfg = Debug|Win32
		{22FC3EF5-917E-46B4-BB6C-1A62FB36E9C0}.Debug|x86.Build.0 = Debug|Win32
		{22FC3EF5-917E-46B4-BB6C-1A62FB36E9C0}.Release|x64.ActiveCfg = Release|x64
		{22FC3EF5-917E-46B4-BB6C-1A62FB36E9C0}.Release|x64.Build.0 = Release|x64
		{22FC3EF5-917E-46B4-BB6C-1A62FB36E9C0}.Release|x86.ActiveCfg = Release|Win32
		{22FC3EF5-917E-46B4-BB6C-1A62FB36E9C0}.Release|x86.Build.0 = Release|Win32
		{DF383C39-FC82-4EFA-BEC4-EAC1D81215DF}.Debug|x64.ActiveCfg = Debug|x64
		{DF383C39-FC82-4EFA-BEC4-EAC1D81215DF}.Debug|x64.Build.0 = Debug|x64
		{DF383C39-FC82-4EFA-BEC4-EAC1D81215DF}.Debug|x86.ActiveCfg = Debug|Win32
		{DF383C39-FC82-4EFA-BEC4-EAC1D81215DF}.Debug|x86.Build.0 = Debug|Win32
		{DF383C39-FC82-4EFA-BEC4-EAC1D81215DF}.Release|x64.ActiveCfg = Release|x64
		{DF383C39-FC82-4EFA-BEC4-EAC1D81215DF}.Release|x64.Build.0 = Release|x64
		{DF383C39-FC82-4EFA-BEC4-EAC1D81215DF}.Release|x86.ActiveCfg = Release|Win32
		{DF383C39-FC82-4EFA-BEC4-EAC1D81215DF}.Release|x86.Build.0 = Release|Win32
		{19589F8C-4A80-4EA3-B802-B74B21DCF30B}.Debug|x64.ActiveCfg = Debug|x64
		{19589F8C-4A80-4EA3-B802-B74B21DCF30B}.Debug|x64.Build.0 = Debug|x64
		{19589F8C-4A80-4EA3-B802-B74B21DCF30B}.Debug|x86.ActiveCfg = Debug|Win32
		{19589F8C-4A80-4EA3-B802-B74B21DCF30B}.Debug|x86.Build.0 = Debug|Win32
		{19589F8C-4A80-4EA3-B802-B74B21DCF30B}.Release|x64.ActiveCfg = Release|x64
		{19589F8C-4A80-4EA3-B802-B74B21DCF30B}.Release|x64.Build.0 = Release|x64
		{19589F8C-4A80-4EA3-B802-B74B21DCF30B}.Release|x86.ActiveCfg = Release|Win32
		{19589F8C-4A80-4EA3-B802-B74B21DCF30B}.Release|x86.Build.0 = Release|Win32
		{A28C6C0A-651E-4619-9177-87948FA87AC3}.Debug|x64.ActiveCfg = Debug|x64
		{A28C6C0A-651E-4619-9177-87948FA87AC3}.Debug|x64.Build.0 = Debug|x64
		{A28C6C0A-651E-4619-9177-87948FA87AC3}.Debug|x86.ActiveCfg = Debug|Win32
		{A28C6C0A-651E-4619-9177-87948FA87AC3}.Debug|x86.Build.0 = Debug|Win32
		{A28C6C0A-651E-4619-9177-87948FA87AC3}.Release|x64.ActiveCfg = Release|x64
		{A28C6C0A-651E-4619-9177-87948FA87AC3}.Release|x64.Build.0 = Release|x64
		{A28C6C0A-651E-4619-9177-87948FA87AC3}.Release|x86.ActiveCfg = Release|Win32
		{A28C6C0A-651E-4619-9177-87948FA87AC3}.Release|x86.Build.0 = Release|Win32
		{A4F6DDA5-FDAE-481D-9931-E3E2685F2268}.Debug|x64.ActiveCfg = Debug|x64
		{A4F6DDA5-FDAE-481D-9931-E3E2685F2268}.Debug|x64.Build.0 = Debug|x64
		{A4F6DDA5-FDAE-481D-9931-E3E2685F2268}.Debug|x86.ActiveCfg = Debug|Win32
		{A4F6DDA5-FDAE-481D-9931-E3E2685F2268}.Debug|x86.Build.0 = Debug|Win32
		{A4F6DDA5-FDAE-481D-9931-E3E2685F2268}.Release|x64.ActiveCfg = Release|x64
		{A4F6DDA5-FDAE-481D-9931-E3E2685F2268}.Release|x64.Build.0 = Release|x64
		{A4F6DDA5-FDAE-481D-9931-E3E2685F2268}.Release|x86.ActiveCfg = Release|Win32
		{A4F6DDA5-FDAE-481D-9931-E3E2685F2268}.Release|x86.Build.0 = Release|Win32
		{7CB0EC2B-BABA-41D7-BFA6-7CCC352930D5}.Debug|x64.ActiveCfg = Debug|x64
		{7CB0EC2B-BABA-41D7-BFA6-7CCC352930D5}.Debug|x64.Build.0 = Debug|x64
		{7CB0EC2B-BABA-41D7-BFA6-7CCC352930D5}.Debug|x86.ActiveCfg = Debug|Win32
		{7CB0EC2B-BABA-41D7-BFA6-7CCC352930D5}.Debug|x86.Build.0 = Debug|Win32
		{7CB0EC2B-BABA-41D7-BFA6-7CCC352930D5}.Release|x64.ActiveCfg = Release|x64
		{7CB0EC2B-BABA-41D7-BFA6-7CCC352930D5}.Release|x64.Build.0 = Release|x64
		{7CB0EC2B-BABA-41D7-BFA6-7CCC352930D5}.Release|x86.ActiveCfg = Release|Win32
		{7CB0EC2B-BABA-41D7-BFA6-7CCC352930D5}.Release|x86.Build.0 = Release|Win32
		{44E15CB0-342B-43BF-BEA5-BDD499A4F57F}.Debug|x64.ActiveCfg = Debug|x64
		{44E15CB0-342B-43BF-BEA5-BDD499A4F57F}.Debug|x64.Build.0 = Debug|x64
		{44E15CB0-342B-43BF-BEA5-BDD499A4F57F}.Debug|x86.ActiveCfg = Debug|Win32
		{44E15CB0-342B-43BF-BEA5-BDD499A4F57F}.Debug|x86.Build.0 = Debug|Win32
		{44E15CB0-342B-43BF-BEA5-BDD499A4F57F}.Release|x64.ActiveCfg = Release|x64
		{44E15CB0-342B-43BF-BEA5-BDD499A4F57F}.Release|x64.Build.0 = Release|x64
		{44E15CB0-342B-43BF-BEA5-BDD499A4F57F}.Release|x86.ActiveCfg = Release|Win32
		{44E15CB0-342B-43BF-BEA5-BDD499A4F57F}.Release|x86.Build.0 = Release|Win32
		{56A02CAA-F497-4DB0-9A9F-94C342FB5DA7}.Debug|x64.ActiveCfg = Debug|x64
		{56A02CAA-F497-4DB0-9A9F-94C342FB5DA7}.Debug|x64.Build.0 = Debug|x64
		{56A02CAA-F497-4DB0-9A9F-94C342FB5DA7}.Debug|x86.ActiveCfg = Debug|Win32
		{56A02CAA-F497-4DB0-9A9F-94C342FB5DA7}.Debug|x86.Build.0 = Debug|Win32
		{56A02CAA-F497-4DB0-9A9F-94C342FB5DA7}.Release|x64.ActiveCfg = Release|x64
		{56A02CAA-F497-4DB0-9A9F-94C342FB5DA7}.Release|x64.Build.0 = Release|x64
		{56A02CAA-F497-4DB0-9A9F-94C342FB5DA7}.Release|x86.ActiveCfg = Release|Win32
		{56A02CAA-F497-4DB0-9A9F-94C342FB5DA7}.Release|x86.Build.0 = Release|Win32
	EndGlobalSection
	GlobalSection(SolutionProperties) = preSolution
		HideSolutionNode = FALSE
	EndGlobalSection
EndGlobal
